
Microsoft Visual Studio Solution File, Format Version 12.00
# Visual Studio 15
VisualStudioVersion = 15.0.26228.4
MinimumVisualStudioVersion = 10.0.40219.1
Project("{FAE04EC0-301F-11D3-BF4B-00C04F79EFBC}") = "MediaSample", "MediaSample\MediaSample\MediaSample.csproj", "{74ACC21D-8ED2-4013-B258-6DAE2E266A00}"
EndProject
Project("{FAE04EC0-301F-11D3-BF4B-00C04F79EFBC}") = "MediaSample.iOS", "MediaSample\MediaSample.iOS\MediaSample.iOS.csproj", "{3250C71A-7316-4545-94E5-3E5AB7E0EE55}"
EndProject
Project("{FAE04EC0-301F-11D3-BF4B-00C04F79EFBC}") = "MediaSample.Droid", "MediaSample\MediaSample.Droid\MediaSample.Droid.csproj", "{7FE82794-D948-4C04-97F3-C31DA1D2C06D}"
EndProject
Project("{2150E333-8FDC-42A3-9474-1A3956D46DE8}") = "lib", "lib", "{58D972AE-5422-4501-BC4E-B2D212DB2C71}"
EndProject
Project("{D954291E-2A0B-460D-934E-DC6B0785DB48}") = "Lib.Shared", "SharedProject1\Lib.Shared.shproj", "{7BD50E00-7387-478B-AC08-B79F0B496920}"
EndProject
Project("{FAE04EC0-301F-11D3-BF4B-00C04F79EFBC}") = "Lib.Droid", "Lib.Droid\Lib.Droid.csproj", "{B86A6976-3A1F-45E1-9595-6A3BF799AA14}"
EndProject
Project("{FAE04EC0-301F-11D3-BF4B-00C04F79EFBC}") = "Lib.iOS", "Lib.iOS\Lib.iOS.csproj", "{9CF7EC51-116D-46C5-8FC7-4312099261D3}"
EndProject
Project("{FAE04EC0-301F-11D3-BF4B-00C04F79EFBC}") = "Lib.PCL", "Lib.PCL\Lib.PCL.csproj", "{E2C38B0D-29F4-44B5-853E-61AA69570A8A}"
EndProject
Global
	GlobalSection(SharedMSBuildProjectFiles) = preSolution
		SharedProject1\SharedProject1.projitems*{7bd50e00-7387-478b-ac08-b79f0b496920}*SharedItemsImports = 13
		SharedProject1\SharedProject1.projitems*{9cf7ec51-116d-46c5-8fc7-4312099261d3}*SharedItemsImports = 4
		SharedProject1\SharedProject1.projitems*{b86a6976-3a1f-45e1-9595-6a3bf799aa14}*SharedItemsImports = 4
	EndGlobalSection
	GlobalSection(SolutionConfigurationPlatforms) = preSolution
		Ad-Hoc|Any CPU = Ad-Hoc|Any CPU
		Ad-Hoc|ARM = Ad-Hoc|ARM
		Ad-Hoc|iPhone = Ad-Hoc|iPhone
		Ad-Hoc|iPhoneSimulator = Ad-Hoc|iPhoneSimulator
		Ad-Hoc|Mixed Platforms = Ad-Hoc|Mixed Platforms
		Ad-Hoc|x86 = Ad-Hoc|x86
		AppStore|Any CPU = AppStore|Any CPU
		AppStore|ARM = AppStore|ARM
		AppStore|iPhone = AppStore|iPhone
		AppStore|iPhoneSimulator = AppStore|iPhoneSimulator
		AppStore|Mixed Platforms = AppStore|Mixed Platforms
		AppStore|x86 = AppStore|x86
		Debug|Any CPU = Debug|Any CPU
		Debug|ARM = Debug|ARM
		Debug|iPhone = Debug|iPhone
		Debug|iPhoneSimulator = Debug|iPhoneSimulator
		Debug|Mixed Platforms = Debug|Mixed Platforms
		Debug|x86 = Debug|x86
		Release|Any CPU = Release|Any CPU
		Release|ARM = Release|ARM
		Release|iPhone = Release|iPhone
		Release|iPhoneSimulator = Release|iPhoneSimulator
		Release|Mixed Platforms = Release|Mixed Platforms
		Release|x86 = Release|x86
	EndGlobalSection
	GlobalSection(ProjectConfigurationPlatforms) = postSolution
		{74ACC21D-8ED2-4013-B258-6DAE2E266A00}.Ad-Hoc|Any CPU.ActiveCfg = Release|Any CPU
		{74ACC21D-8ED2-4013-B258-6DAE2E266A00}.Ad-Hoc|Any CPU.Build.0 = Release|Any CPU
		{74ACC21D-8ED2-4013-B258-6DAE2E266A00}.Ad-Hoc|ARM.ActiveCfg = Release|Any CPU
		{74ACC21D-8ED2-4013-B258-6DAE2E266A00}.Ad-Hoc|iPhone.ActiveCfg = Release|Any CPU
		{74ACC21D-8ED2-4013-B258-6DAE2E266A00}.Ad-Hoc|iPhoneSimulator.ActiveCfg = Release|Any CPU
		{74ACC21D-8ED2-4013-B258-6DAE2E266A00}.Ad-Hoc|Mixed Platforms.ActiveCfg = Release|Any CPU
		{74ACC21D-8ED2-4013-B258-6DAE2E266A00}.Ad-Hoc|Mixed Platforms.Build.0 = Release|Any CPU
		{74ACC21D-8ED2-4013-B258-6DAE2E266A00}.Ad-Hoc|x86.ActiveCfg = Release|Any CPU
		{74ACC21D-8ED2-4013-B258-6DAE2E266A00}.AppStore|Any CPU.ActiveCfg = Release|Any CPU
		{74ACC21D-8ED2-4013-B258-6DAE2E266A00}.AppStore|Any CPU.Build.0 = Release|Any CPU
		{74ACC21D-8ED2-4013-B258-6DAE2E266A00}.AppStore|ARM.ActiveCfg = Release|Any CPU
		{74ACC21D-8ED2-4013-B258-6DAE2E266A00}.AppStore|iPhone.ActiveCfg = Release|Any CPU
		{74ACC21D-8ED2-4013-B258-6DAE2E266A00}.AppStore|iPhoneSimulator.ActiveCfg = Release|Any CPU
		{74ACC21D-8ED2-4013-B258-6DAE2E266A00}.AppStore|Mixed Platforms.ActiveCfg = Release|Any CPU
		{74ACC21D-8ED2-4013-B258-6DAE2E266A00}.AppStore|Mixed Platforms.Build.0 = Release|Any CPU
		{74ACC21D-8ED2-4013-B258-6DAE2E266A00}.AppStore|x86.ActiveCfg = Release|Any CPU
		{74ACC21D-8ED2-4013-B258-6DAE2E266A00}.Debug|Any CPU.ActiveCfg = Debug|Any CPU
		{74ACC21D-8ED2-4013-B258-6DAE2E266A00}.Debug|Any CPU.Build.0 = Debug|Any CPU
		{74ACC21D-8ED2-4013-B258-6DAE2E266A00}.Debug|ARM.ActiveCfg = Debug|Any CPU
		{74ACC21D-8ED2-4013-B258-6DAE2E266A00}.Debug|iPhone.ActiveCfg = Debug|Any CPU
		{74ACC21D-8ED2-4013-B258-6DAE2E266A00}.Debug|iPhoneSimulator.ActiveCfg = Debug|Any CPU
		{74ACC21D-8ED2-4013-B258-6DAE2E266A00}.Debug|Mixed Platforms.ActiveCfg = Debug|Any CPU
		{74ACC21D-8ED2-4013-B258-6DAE2E266A00}.Debug|Mixed Platforms.Build.0 = Debug|Any CPU
		{74ACC21D-8ED2-4013-B258-6DAE2E266A00}.Debug|x86.ActiveCfg = Debug|Any CPU
		{74ACC21D-8ED2-4013-B258-6DAE2E266A00}.Release|Any CPU.ActiveCfg = Release|Any CPU
		{74ACC21D-8ED2-4013-B258-6DAE2E266A00}.Release|Any CPU.Build.0 = Release|Any CPU
		{74ACC21D-8ED2-4013-B258-6DAE2E266A00}.Release|ARM.ActiveCfg = Release|Any CPU
		{74ACC21D-8ED2-4013-B258-6DAE2E266A00}.Release|iPhone.ActiveCfg = Release|Any CPU
		{74ACC21D-8ED2-4013-B258-6DAE2E266A00}.Release|iPhoneSimulator.ActiveCfg = Release|Any CPU
		{74ACC21D-8ED2-4013-B258-6DAE2E266A00}.Release|Mixed Platforms.ActiveCfg = Release|Any CPU
		{74ACC21D-8ED2-4013-B258-6DAE2E266A00}.Release|Mixed Platforms.Build.0 = Release|Any CPU
		{74ACC21D-8ED2-4013-B258-6DAE2E266A00}.Release|x86.ActiveCfg = Release|Any CPU
		{3250C71A-7316-4545-94E5-3E5AB7E0EE55}.Ad-Hoc|Any CPU.ActiveCfg = Ad-Hoc|iPhone
		{3250C71A-7316-4545-94E5-3E5AB7E0EE55}.Ad-Hoc|ARM.ActiveCfg = Ad-Hoc|iPhone
		{3250C71A-7316-4545-94E5-3E5AB7E0EE55}.Ad-Hoc|iPhone.ActiveCfg = Ad-Hoc|iPhone
		{3250C71A-7316-4545-94E5-3E5AB7E0EE55}.Ad-Hoc|iPhone.Build.0 = Ad-Hoc|iPhone
		{3250C71A-7316-4545-94E5-3E5AB7E0EE55}.Ad-Hoc|iPhoneSimulator.ActiveCfg = Ad-Hoc|iPhoneSimulator
		{3250C71A-7316-4545-94E5-3E5AB7E0EE55}.Ad-Hoc|iPhoneSimulator.Build.0 = Ad-Hoc|iPhoneSimulator
		{3250C71A-7316-4545-94E5-3E5AB7E0EE55}.Ad-Hoc|Mixed Platforms.ActiveCfg = Ad-Hoc|iPhone
		{3250C71A-7316-4545-94E5-3E5AB7E0EE55}.Ad-Hoc|Mixed Platforms.Build.0 = Ad-Hoc|iPhone
		{3250C71A-7316-4545-94E5-3E5AB7E0EE55}.Ad-Hoc|x86.ActiveCfg = Ad-Hoc|iPhone
		{3250C71A-7316-4545-94E5-3E5AB7E0EE55}.AppStore|Any CPU.ActiveCfg = AppStore|iPhone
		{3250C71A-7316-4545-94E5-3E5AB7E0EE55}.AppStore|ARM.ActiveCfg = AppStore|iPhone
		{3250C71A-7316-4545-94E5-3E5AB7E0EE55}.AppStore|iPhone.ActiveCfg = AppStore|iPhone
		{3250C71A-7316-4545-94E5-3E5AB7E0EE55}.AppStore|iPhone.Build.0 = AppStore|iPhone
		{3250C71A-7316-4545-94E5-3E5AB7E0EE55}.AppStore|iPhoneSimulator.ActiveCfg = AppStore|iPhoneSimulator
		{3250C71A-7316-4545-94E5-3E5AB7E0EE55}.AppStore|iPhoneSimulator.Build.0 = AppStore|iPhoneSimulator
		{3250C71A-7316-4545-94E5-3E5AB7E0EE55}.AppStore|Mixed Platforms.ActiveCfg = AppStore|iPhone
		{3250C71A-7316-4545-94E5-3E5AB7E0EE55}.AppStore|Mixed Platforms.Build.0 = AppStore|iPhone
		{3250C71A-7316-4545-94E5-3E5AB7E0EE55}.AppStore|x86.ActiveCfg = AppStore|iPhone
		{3250C71A-7316-4545-94E5-3E5AB7E0EE55}.Debug|Any CPU.ActiveCfg = Debug|iPhone
		{3250C71A-7316-4545-94E5-3E5AB7E0EE55}.Debug|ARM.ActiveCfg = Debug|iPhone
		{3250C71A-7316-4545-94E5-3E5AB7E0EE55}.Debug|iPhone.ActiveCfg = Debug|iPhone
		{3250C71A-7316-4545-94E5-3E5AB7E0EE55}.Debug|iPhone.Build.0 = Debug|iPhone
		{3250C71A-7316-4545-94E5-3E5AB7E0EE55}.Debug|iPhoneSimulator.ActiveCfg = Debug|iPhoneSimulator
		{3250C71A-7316-4545-94E5-3E5AB7E0EE55}.Debug|iPhoneSimulator.Build.0 = Debug|iPhoneSimulator
		{3250C71A-7316-4545-94E5-3E5AB7E0EE55}.Debug|Mixed Platforms.ActiveCfg = Debug|iPhone
		{3250C71A-7316-4545-94E5-3E5AB7E0EE55}.Debug|Mixed Platforms.Build.0 = Debug|iPhone
		{3250C71A-7316-4545-94E5-3E5AB7E0EE55}.Debug|x86.ActiveCfg = Debug|iPhone
		{3250C71A-7316-4545-94E5-3E5AB7E0EE55}.Release|Any CPU.ActiveCfg = Release|iPhone
		{3250C71A-7316-4545-94E5-3E5AB7E0EE55}.Release|ARM.ActiveCfg = Release|iPhone
		{3250C71A-7316-4545-94E5-3E5AB7E0EE55}.Release|iPhone.ActiveCfg = Release|iPhone
		{3250C71A-7316-4545-94E5-3E5AB7E0EE55}.Release|iPhone.Build.0 = Release|iPhone
		{3250C71A-7316-4545-94E5-3E5AB7E0EE55}.Release|iPhoneSimulator.ActiveCfg = Release|iPhoneSimulator
		{3250C71A-7316-4545-94E5-3E5AB7E0EE55}.Release|iPhoneSimulator.Build.0 = Release|iPhoneSimulator
		{3250C71A-7316-4545-94E5-3E5AB7E0EE55}.Release|Mixed Platforms.ActiveCfg = Release|iPhone
		{3250C71A-7316-4545-94E5-3E5AB7E0EE55}.Release|Mixed Platforms.Build.0 = Release|iPhone
		{3250C71A-7316-4545-94E5-3E5AB7E0EE55}.Release|x86.ActiveCfg = Release|iPhone
		{7FE82794-D948-4C04-97F3-C31DA1D2C06D}.Ad-Hoc|Any CPU.ActiveCfg = Release|Any CPU
		{7FE82794-D948-4C04-97F3-C31DA1D2C06D}.Ad-Hoc|Any CPU.Build.0 = Release|Any CPU
		{7FE82794-D948-4C04-97F3-C31DA1D2C06D}.Ad-Hoc|Any CPU.Deploy.0 = Release|Any CPU
		{7FE82794-D948-4C04-97F3-C31DA1D2C06D}.Ad-Hoc|ARM.ActiveCfg = Release|Any CPU
		{7FE82794-D948-4C04-97F3-C31DA1D2C06D}.Ad-Hoc|iPhone.ActiveCfg = Release|Any CPU
		{7FE82794-D948-4C04-97F3-C31DA1D2C06D}.Ad-Hoc|iPhoneSimulator.ActiveCfg = Release|Any CPU
		{7FE82794-D948-4C04-97F3-C31DA1D2C06D}.Ad-Hoc|Mixed Platforms.ActiveCfg = Release|Any CPU
		{7FE82794-D948-4C04-97F3-C31DA1D2C06D}.Ad-Hoc|Mixed Platforms.Build.0 = Release|Any CPU
		{7FE82794-D948-4C04-97F3-C31DA1D2C06D}.Ad-Hoc|Mixed Platforms.Deploy.0 = Release|Any CPU
		{7FE82794-D948-4C04-97F3-C31DA1D2C06D}.Ad-Hoc|x86.ActiveCfg = Release|Any CPU
		{7FE82794-D948-4C04-97F3-C31DA1D2C06D}.AppStore|Any CPU.ActiveCfg = Release|Any CPU
		{7FE82794-D948-4C04-97F3-C31DA1D2C06D}.AppStore|Any CPU.Build.0 = Release|Any CPU
		{7FE82794-D948-4C04-97F3-C31DA1D2C06D}.AppStore|Any CPU.Deploy.0 = Release|Any CPU
		{7FE82794-D948-4C04-97F3-C31DA1D2C06D}.AppStore|ARM.ActiveCfg = Release|Any CPU
		{7FE82794-D948-4C04-97F3-C31DA1D2C06D}.AppStore|iPhone.ActiveCfg = Release|Any CPU
		{7FE82794-D948-4C04-97F3-C31DA1D2C06D}.AppStore|iPhoneSimulator.ActiveCfg = Release|Any CPU
		{7FE82794-D948-4C04-97F3-C31DA1D2C06D}.AppStore|Mixed Platforms.ActiveCfg = Release|Any CPU
		{7FE82794-D948-4C04-97F3-C31DA1D2C06D}.AppStore|Mixed Platforms.Build.0 = Release|Any CPU
		{7FE82794-D948-4C04-97F3-C31DA1D2C06D}.AppStore|Mixed Platforms.Deploy.0 = Release|Any CPU
		{7FE82794-D948-4C04-97F3-C31DA1D2C06D}.AppStore|x86.ActiveCfg = Release|Any CPU
		{7FE82794-D948-4C04-97F3-C31DA1D2C06D}.Debug|Any CPU.ActiveCfg = Debug|Any CPU
		{7FE82794-D948-4C04-97F3-C31DA1D2C06D}.Debug|Any CPU.Build.0 = Debug|Any CPU
		{7FE82794-D948-4C04-97F3-C31DA1D2C06D}.Debug|Any CPU.Deploy.0 = Debug|Any CPU
		{7FE82794-D948-4C04-97F3-C31DA1D2C06D}.Debug|ARM.ActiveCfg = Debug|Any CPU
		{7FE82794-D948-4C04-97F3-C31DA1D2C06D}.Debug|iPhone.ActiveCfg = Debug|Any CPU
		{7FE82794-D948-4C04-97F3-C31DA1D2C06D}.Debug|iPhoneSimulator.ActiveCfg = Debug|Any CPU
		{7FE82794-D948-4C04-97F3-C31DA1D2C06D}.Debug|Mixed Platforms.ActiveCfg = Debug|Any CPU
		{7FE82794-D948-4C04-97F3-C31DA1D2C06D}.Debug|Mixed Platforms.Build.0 = Debug|Any CPU
		{7FE82794-D948-4C04-97F3-C31DA1D2C06D}.Debug|Mixed Platforms.Deploy.0 = Debug|Any CPU
		{7FE82794-D948-4C04-97F3-C31DA1D2C06D}.Debug|x86.ActiveCfg = Debug|Any CPU
		{7FE82794-D948-4C04-97F3-C31DA1D2C06D}.Release|Any CPU.ActiveCfg = Release|Any CPU
		{7FE82794-D948-4C04-97F3-C31DA1D2C06D}.Release|Any CPU.Build.0 = Release|Any CPU
		{7FE82794-D948-4C04-97F3-C31DA1D2C06D}.Release|Any CPU.Deploy.0 = Release|Any CPU
		{7FE82794-D948-4C04-97F3-C31DA1D2C06D}.Release|ARM.ActiveCfg = Release|Any CPU
		{7FE82794-D948-4C04-97F3-C31DA1D2C06D}.Release|iPhone.ActiveCfg = Release|Any CPU
		{7FE82794-D948-4C04-97F3-C31DA1D2C06D}.Release|iPhoneSimulator.ActiveCfg = Release|Any CPU
		{7FE82794-D948-4C04-97F3-C31DA1D2C06D}.Release|Mixed Platforms.ActiveCfg = Release|Any CPU
		{7FE82794-D948-4C04-97F3-C31DA1D2C06D}.Release|Mixed Platforms.Build.0 = Release|Any CPU
		{7FE82794-D948-4C04-97F3-C31DA1D2C06D}.Release|Mixed Platforms.Deploy.0 = Release|Any CPU
		{7FE82794-D948-4C04-97F3-C31DA1D2C06D}.Release|x86.ActiveCfg = Release|Any CPU
		{B86A6976-3A1F-45E1-9595-6A3BF799AA14}.Ad-Hoc|Any CPU.ActiveCfg = Release|Any CPU
		{B86A6976-3A1F-45E1-9595-6A3BF799AA14}.Ad-Hoc|Any CPU.Build.0 = Release|Any CPU
		{B86A6976-3A1F-45E1-9595-6A3BF799AA14}.Ad-Hoc|ARM.ActiveCfg = Release|Any CPU
		{B86A6976-3A1F-45E1-9595-6A3BF799AA14}.Ad-Hoc|ARM.Build.0 = Release|Any CPU
		{B86A6976-3A1F-45E1-9595-6A3BF799AA14}.Ad-Hoc|iPhone.ActiveCfg = Release|Any CPU
		{B86A6976-3A1F-45E1-9595-6A3BF799AA14}.Ad-Hoc|iPhone.Build.0 = Release|Any CPU
		{B86A6976-3A1F-45E1-9595-6A3BF799AA14}.Ad-Hoc|iPhoneSimulator.ActiveCfg = Release|Any CPU
		{B86A6976-3A1F-45E1-9595-6A3BF799AA14}.Ad-Hoc|iPhoneSimulator.Build.0 = Release|Any CPU
		{B86A6976-3A1F-45E1-9595-6A3BF799AA14}.Ad-Hoc|Mixed Platforms.ActiveCfg = Release|Any CPU
		{B86A6976-3A1F-45E1-9595-6A3BF799AA14}.Ad-Hoc|Mixed Platforms.Build.0 = Release|Any CPU
		{B86A6976-3A1F-45E1-9595-6A3BF799AA14}.Ad-Hoc|x86.ActiveCfg = Release|Any CPU
		{B86A6976-3A1F-45E1-9595-6A3BF799AA14}.Ad-Hoc|x86.Build.0 = Release|Any CPU
		{B86A6976-3A1F-45E1-9595-6A3BF799AA14}.AppStore|Any CPU.ActiveCfg = Release|Any CPU
		{B86A6976-3A1F-45E1-9595-6A3BF799AA14}.AppStore|Any CPU.Build.0 = Release|Any CPU
		{B86A6976-3A1F-45E1-9595-6A3BF799AA14}.AppStore|ARM.ActiveCfg = Release|Any CPU
		{B86A6976-3A1F-45E1-9595-6A3BF799AA14}.AppStore|ARM.Build.0 = Release|Any CPU
		{B86A6976-3A1F-45E1-9595-6A3BF799AA14}.AppStore|iPhone.ActiveCfg = Release|Any CPU
		{B86A6976-3A1F-45E1-9595-6A3BF799AA14}.AppStore|iPhone.Build.0 = Release|Any CPU
		{B86A6976-3A1F-45E1-9595-6A3BF799AA14}.AppStore|iPhoneSimulator.ActiveCfg = Release|Any CPU
		{B86A6976-3A1F-45E1-9595-6A3BF799AA14}.AppStore|iPhoneSimulator.Build.0 = Release|Any CPU
		{B86A6976-3A1F-45E1-9595-6A3BF799AA14}.AppStore|Mixed Platforms.ActiveCfg = Release|Any CPU
		{B86A6976-3A1F-45E1-9595-6A3BF799AA14}.AppStore|Mixed Platforms.Build.0 = Release|Any CPU
		{B86A6976-3A1F-45E1-9595-6A3BF799AA14}.AppStore|x86.ActiveCfg = Release|Any CPU
		{B86A6976-3A1F-45E1-9595-6A3BF799AA14}.AppStore|x86.Build.0 = Release|Any CPU
		{B86A6976-3A1F-45E1-9595-6A3BF799AA14}.Debug|Any CPU.ActiveCfg = Debug|Any CPU
		{B86A6976-3A1F-45E1-9595-6A3BF799AA14}.Debug|Any CPU.Build.0 = Debug|Any CPU
		{B86A6976-3A1F-45E1-9595-6A3BF799AA14}.Debug|ARM.ActiveCfg = Debug|Any CPU
		{B86A6976-3A1F-45E1-9595-6A3BF799AA14}.Debug|ARM.Build.0 = Debug|Any CPU
		{B86A6976-3A1F-45E1-9595-6A3BF799AA14}.Debug|iPhone.ActiveCfg = Debug|Any CPU
		{B86A6976-3A1F-45E1-9595-6A3BF799AA14}.Debug|iPhone.Build.0 = Debug|Any CPU
		{B86A6976-3A1F-45E1-9595-6A3BF799AA14}.Debug|iPhoneSimulator.ActiveCfg = Debug|Any CPU
		{B86A6976-3A1F-45E1-9595-6A3BF799AA14}.Debug|iPhoneSimulator.Build.0 = Debug|Any CPU
		{B86A6976-3A1F-45E1-9595-6A3BF799AA14}.Debug|Mixed Platforms.ActiveCfg = Debug|Any CPU
		{B86A6976-3A1F-45E1-9595-6A3BF799AA14}.Debug|Mixed Platforms.Build.0 = Debug|Any CPU
		{B86A6976-3A1F-45E1-9595-6A3BF799AA14}.Debug|x86.ActiveCfg = Debug|Any CPU
		{B86A6976-3A1F-45E1-9595-6A3BF799AA14}.Debug|x86.Build.0 = Debug|Any CPU
		{B86A6976-3A1F-45E1-9595-6A3BF799AA14}.Release|Any CPU.ActiveCfg = Release|Any CPU
		{B86A6976-3A1F-45E1-9595-6A3BF799AA14}.Release|Any CPU.Build.0 = Release|Any CPU
		{B86A6976-3A1F-45E1-9595-6A3BF799AA14}.Release|ARM.ActiveCfg = Release|Any CPU
		{B86A6976-3A1F-45E1-9595-6A3BF799AA14}.Release|ARM.Build.0 = Release|Any CPU
		{B86A6976-3A1F-45E1-9595-6A3BF799AA14}.Release|iPhone.ActiveCfg = Release|Any CPU
		{B86A6976-3A1F-45E1-9595-6A3BF799AA14}.Release|iPhone.Build.0 = Release|Any CPU
		{B86A6976-3A1F-45E1-9595-6A3BF799AA14}.Release|iPhoneSimulator.ActiveCfg = Release|Any CPU
		{B86A6976-3A1F-45E1-9595-6A3BF799AA14}.Release|iPhoneSimulator.Build.0 = Release|Any CPU
		{B86A6976-3A1F-45E1-9595-6A3BF799AA14}.Release|Mixed Platforms.ActiveCfg = Release|Any CPU
		{B86A6976-3A1F-45E1-9595-6A3BF799AA14}.Release|Mixed Platforms.Build.0 = Release|Any CPU
		{B86A6976-3A1F-45E1-9595-6A3BF799AA14}.Release|x86.ActiveCfg = Release|Any CPU
		{B86A6976-3A1F-45E1-9595-6A3BF799AA14}.Release|x86.Build.0 = Release|Any CPU
		{9CF7EC51-116D-46C5-8FC7-4312099261D3}.Ad-Hoc|Any CPU.ActiveCfg = Release|Any CPU
		{9CF7EC51-116D-46C5-8FC7-4312099261D3}.Ad-Hoc|Any CPU.Build.0 = Release|Any CPU
		{9CF7EC51-116D-46C5-8FC7-4312099261D3}.Ad-Hoc|ARM.ActiveCfg = Release|Any CPU
		{9CF7EC51-116D-46C5-8FC7-4312099261D3}.Ad-Hoc|ARM.Build.0 = Release|Any CPU
		{9CF7EC51-116D-46C5-8FC7-4312099261D3}.Ad-Hoc|iPhone.ActiveCfg = Release|Any CPU
		{9CF7EC51-116D-46C5-8FC7-4312099261D3}.Ad-Hoc|iPhone.Build.0 = Release|Any CPU
		{9CF7EC51-116D-46C5-8FC7-4312099261D3}.Ad-Hoc|iPhoneSimulator.ActiveCfg = Release|Any CPU
		{9CF7EC51-116D-46C5-8FC7-4312099261D3}.Ad-Hoc|iPhoneSimulator.Build.0 = Release|Any CPU
		{9CF7EC51-116D-46C5-8FC7-4312099261D3}.Ad-Hoc|Mixed Platforms.ActiveCfg = Release|Any CPU
		{9CF7EC51-116D-46C5-8FC7-4312099261D3}.Ad-Hoc|Mixed Platforms.Build.0 = Release|Any CPU
		{9CF7EC51-116D-46C5-8FC7-4312099261D3}.Ad-Hoc|x86.ActiveCfg = Release|Any CPU
		{9CF7EC51-116D-46C5-8FC7-4312099261D3}.Ad-Hoc|x86.Build.0 = Release|Any CPU
		{9CF7EC51-116D-46C5-8FC7-4312099261D3}.AppStore|Any CPU.ActiveCfg = Release|Any CPU
		{9CF7EC51-116D-46C5-8FC7-4312099261D3}.AppStore|Any CPU.Build.0 = Release|Any CPU
		{9CF7EC51-116D-46C5-8FC7-4312099261D3}.AppStore|ARM.ActiveCfg = Release|Any CPU
		{9CF7EC51-116D-46C5-8FC7-4312099261D3}.AppStore|ARM.Build.0 = Release|Any CPU
		{9CF7EC51-116D-46C5-8FC7-4312099261D3}.AppStore|iPhone.ActiveCfg = Release|Any CPU
		{9CF7EC51-116D-46C5-8FC7-4312099261D3}.AppStore|iPhone.Build.0 = Release|Any CPU
		{9CF7EC51-116D-46C5-8FC7-4312099261D3}.AppStore|iPhoneSimulator.ActiveCfg = Release|Any CPU
		{9CF7EC51-116D-46C5-8FC7-4312099261D3}.AppStore|iPhoneSimulator.Build.0 = Release|Any CPU
		{9CF7EC51-116D-46C5-8FC7-4312099261D3}.AppStore|Mixed Platforms.ActiveCfg = Release|Any CPU
		{9CF7EC51-116D-46C5-8FC7-4312099261D3}.AppStore|Mixed Platforms.Build.0 = Release|Any CPU
		{9CF7EC51-116D-46C5-8FC7-4312099261D3}.AppStore|x86.ActiveCfg = Release|Any CPU
		{9CF7EC51-116D-46C5-8FC7-4312099261D3}.AppStore|x86.Build.0 = Release|Any CPU
		{9CF7EC51-116D-46C5-8FC7-4312099261D3}.Debug|Any CPU.ActiveCfg = Debug|Any CPU
		{9CF7EC51-116D-46C5-8FC7-4312099261D3}.Debug|Any CPU.Build.0 = Debug|Any CPU
		{9CF7EC51-116D-46C5-8FC7-4312099261D3}.Debug|ARM.ActiveCfg = Debug|Any CPU
		{9CF7EC51-116D-46C5-8FC7-4312099261D3}.Debug|ARM.Build.0 = Debug|Any CPU
		{9CF7EC51-116D-46C5-8FC7-4312099261D3}.Debug|iPhone.ActiveCfg = Debug|Any CPU
		{9CF7EC51-116D-46C5-8FC7-4312099261D3}.Debug|iPhone.Build.0 = Debug|Any CPU
		{9CF7EC51-116D-46C5-8FC7-4312099261D3}.Debug|iPhoneSimulator.ActiveCfg = Debug|Any CPU
		{9CF7EC51-116D-46C5-8FC7-4312099261D3}.Debug|iPhoneSimulator.Build.0 = Debug|Any CPU
		{9CF7EC51-116D-46C5-8FC7-4312099261D3}.Debug|Mixed Platforms.ActiveCfg = Debug|Any CPU
		{9CF7EC51-116D-46C5-8FC7-4312099261D3}.Debug|Mixed Platforms.Build.0 = Debug|Any CPU
		{9CF7EC51-116D-46C5-8FC7-4312099261D3}.Debug|x86.ActiveCfg = Debug|Any CPU
		{9CF7EC51-116D-46C5-8FC7-4312099261D3}.Debug|x86.Build.0 = Debug|Any CPU
		{9CF7EC51-116D-46C5-8FC7-4312099261D3}.Release|Any CPU.ActiveCfg = Release|Any CPU
		{9CF7EC51-116D-46C5-8FC7-4312099261D3}.Release|Any CPU.Build.0 = Release|Any CPU
		{9CF7EC51-116D-46C5-8FC7-4312099261D3}.Release|ARM.ActiveCfg = Release|Any CPU
		{9CF7EC51-116D-46C5-8FC7-4312099261D3}.Release|ARM.Build.0 = Release|Any CPU
		{9CF7EC51-116D-46C5-8FC7-4312099261D3}.Release|iPhone.ActiveCfg = Release|Any CPU
		{9CF7EC51-116D-46C5-8FC7-4312099261D3}.Release|iPhone.Build.0 = Release|Any CPU
		{9CF7EC51-116D-46C5-8FC7-4312099261D3}.Release|iPhoneSimulator.ActiveCfg = Release|Any CPU
		{9CF7EC51-116D-46C5-8FC7-4312099261D3}.Release|iPhoneSimulator.Build.0 = Release|Any CPU
		{9CF7EC51-116D-46C5-8FC7-4312099261D3}.Release|Mixed Platforms.ActiveCfg = Release|Any CPU
		{9CF7EC51-116D-46C5-8FC7-4312099261D3}.Release|Mixed Platforms.Build.0 = Release|Any CPU
		{9CF7EC51-116D-46C5-8FC7-4312099261D3}.Release|x86.ActiveCfg = Release|Any CPU
		{9CF7EC51-116D-46C5-8FC7-4312099261D3}.Release|x86.Build.0 = Release|Any CPU
		{E2C38B0D-29F4-44B5-853E-61AA69570A8A}.Ad-Hoc|Any CPU.ActiveCfg = Release|Any CPU
		{E2C38B0D-29F4-44B5-853E-61AA69570A8A}.Ad-Hoc|Any CPU.Build.0 = Release|Any CPU
		{E2C38B0D-29F4-44B5-853E-61AA69570A8A}.Ad-Hoc|ARM.ActiveCfg = Release|Any CPU
		{E2C38B0D-29F4-44B5-853E-61AA69570A8A}.Ad-Hoc|ARM.Build.0 = Release|Any CPU
		{E2C38B0D-29F4-44B5-853E-61AA69570A8A}.Ad-Hoc|iPhone.ActiveCfg = Release|Any CPU
		{E2C38B0D-29F4-44B5-853E-61AA69570A8A}.Ad-Hoc|iPhone.Build.0 = Release|Any CPU
		{E2C38B0D-29F4-44B5-853E-61AA69570A8A}.Ad-Hoc|iPhoneSimulator.ActiveCfg = Release|Any CPU
		{E2C38B0D-29F4-44B5-853E-61AA69570A8A}.Ad-Hoc|iPhoneSimulator.Build.0 = Release|Any CPU
		{E2C38B0D-29F4-44B5-853E-61AA69570A8A}.Ad-Hoc|Mixed Platforms.ActiveCfg = Release|Any CPU
		{E2C38B0D-29F4-44B5-853E-61AA69570A8A}.Ad-Hoc|Mixed Platforms.Build.0 = Release|Any CPU
		{E2C38B0D-29F4-44B5-853E-61AA69570A8A}.Ad-Hoc|x86.ActiveCfg = Release|Any CPU
		{E2C38B0D-29F4-44B5-853E-61AA69570A8A}.Ad-Hoc|x86.Build.0 = Release|Any CPU
		{E2C38B0D-29F4-44B5-853E-61AA69570A8A}.AppStore|Any CPU.ActiveCfg = Release|Any CPU
		{E2C38B0D-29F4-44B5-853E-61AA69570A8A}.AppStore|Any CPU.Build.0 = Release|Any CPU
		{E2C38B0D-29F4-44B5-853E-61AA69570A8A}.AppStore|ARM.ActiveCfg = Release|Any CPU
		{E2C38B0D-29F4-44B5-853E-61AA69570A8A}.AppStore|ARM.Build.0 = Release|Any CPU
		{E2C38B0D-29F4-44B5-853E-61AA69570A8A}.AppStore|iPhone.ActiveCfg = Release|Any CPU
		{E2C38B0D-29F4-44B5-853E-61AA69570A8A}.AppStore|iPhone.Build.0 = Release|Any CPU
		{E2C38B0D-29F4-44B5-853E-61AA69570A8A}.AppStore|iPhoneSimulator.ActiveCfg = Release|Any CPU
		{E2C38B0D-29F4-44B5-853E-61AA69570A8A}.AppStore|iPhoneSimulator.Build.0 = Release|Any CPU
		{E2C38B0D-29F4-44B5-853E-61AA69570A8A}.AppStore|Mixed Platforms.ActiveCfg = Release|Any CPU
		{E2C38B0D-29F4-44B5-853E-61AA69570A8A}.AppStore|Mixed Platforms.Build.0 = Release|Any CPU
		{E2C38B0D-29F4-44B5-853E-61AA69570A8A}.AppStore|x86.ActiveCfg = Release|Any CPU
		{E2C38B0D-29F4-44B5-853E-61AA69570A8A}.AppStore|x86.Build.0 = Release|Any CPU
		{E2C38B0D-29F4-44B5-853E-61AA69570A8A}.Debug|Any CPU.ActiveCfg = Debug|Any CPU
		{E2C38B0D-29F4-44B5-853E-61AA69570A8A}.Debug|Any CPU.Build.0 = Debug|Any CPU
		{E2C38B0D-29F4-44B5-853E-61AA69570A8A}.Debug|ARM.ActiveCfg = Debug|Any CPU
		{E2C38B0D-29F4-44B5-853E-61AA69570A8A}.Debug|ARM.Build.0 = Debug|Any CPU
		{E2C38B0D-29F4-44B5-853E-61AA69570A8A}.Debug|iPhone.ActiveCfg = Debug|Any CPU
		{E2C38B0D-29F4-44B5-853E-61AA69570A8A}.Debug|iPhone.Build.0 = Debug|Any CPU
		{E2C38B0D-29F4-44B5-853E-61AA69570A8A}.Debug|iPhoneSimulator.ActiveCfg = Debug|Any CPU
		{E2C38B0D-29F4-44B5-853E-61AA69570A8A}.Debug|iPhoneSimulator.Build.0 = Debug|Any CPU
		{E2C38B0D-29F4-44B5-853E-61AA69570A8A}.Debug|Mixed Platforms.ActiveCfg = Debug|Any CPU
		{E2C38B0D-29F4-44B5-853E-61AA69570A8A}.Debug|Mixed Platforms.Build.0 = Debug|Any CPU
		{E2C38B0D-29F4-44B5-853E-61AA69570A8A}.Debug|x86.ActiveCfg = Debug|Any CPU
		{E2C38B0D-29F4-44B5-853E-61AA69570A8A}.Debug|x86.Build.0 = Debug|Any CPU
		{E2C38B0D-29F4-44B5-853E-61AA69570A8A}.Release|Any CPU.ActiveCfg = Release|Any CPU
		{E2C38B0D-29F4-44B5-853E-61AA69570A8A}.Release|Any CPU.Build.0 = Release|Any CPU
		{E2C38B0D-29F4-44B5-853E-61AA69570A8A}.Release|ARM.ActiveCfg = Release|Any CPU
		{E2C38B0D-29F4-44B5-853E-61AA69570A8A}.Release|ARM.Build.0 = Release|Any CPU
		{E2C38B0D-29F4-44B5-853E-61AA69570A8A}.Release|iPhone.ActiveCfg = Release|Any CPU
		{E2C38B0D-29F4-44B5-853E-61AA69570A8A}.Release|iPhone.Build.0 = Release|Any CPU
		{E2C38B0D-29F4-44B5-853E-61AA69570A8A}.Release|iPhoneSimulator.ActiveCfg = Release|Any CPU
		{E2C38B0D-29F4-44B5-853E-61AA69570A8A}.Release|iPhoneSimulator.Build.0 = Release|Any CPU
		{E2C38B0D-29F4-44B5-853E-61AA69570A8A}.Release|Mixed Platforms.ActiveCfg = Release|Any CPU
		{E2C38B0D-29F4-44B5-853E-61AA69570A8A}.Release|Mixed Platforms.Build.0 = Release|Any CPU
		{E2C38B0D-29F4-44B5-853E-61AA69570A8A}.Release|x86.ActiveCfg = Release|Any CPU
		{E2C38B0D-29F4-44B5-853E-61AA69570A8A}.Release|x86.Build.0 = Release|Any CPU
	EndGlobalSection
	GlobalSection(SolutionProperties) = preSolution
		HideSolutionNode = FALSE
	EndGlobalSection
	GlobalSection(NestedProjects) = preSolution
		{7BD50E00-7387-478B-AC08-B79F0B496920} = {58D972AE-5422-4501-BC4E-B2D212DB2C71}
		{B86A6976-3A1F-45E1-9595-6A3BF799AA14} = {58D972AE-5422-4501-BC4E-B2D212DB2C71}
		{9CF7EC51-116D-46C5-8FC7-4312099261D3} = {58D972AE-5422-4501-BC4E-B2D212DB2C71}
		{E2C38B0D-29F4-44B5-853E-61AA69570A8A} = {58D972AE-5422-4501-BC4E-B2D212DB2C71}
	EndGlobalSection
EndGlobal
